
Microsoft Visual Studio Solution File, Format Version 12.00
# Visual Studio Version 16
VisualStudioVersion = 16.0.31624.102
MinimumVisualStudioVersion = 10.0.40219.1
Project("{9A19103F-16F7-4668-BE54-9A1E7A4F7556}") = "TheDonut.Api", "TheDonut.Api\TheDonut.Api.csproj", "{AC228786-D0D6-41CC-9BCF-BFB135964D3D}"
EndProject
Global
	GlobalSection(SolutionConfigurationPlatforms) = preSolution
		Debug|Any CPU = Debug|Any CPU
		Release|Any CPU = Release|Any CPU
	EndGlobalSection
	GlobalSection(ProjectConfigurationPlatforms) = postSolution
		{AC228786-D0D6-41CC-9BCF-BFB135964D3D}.Debug|Any CPU.ActiveCfg = Debug|Any CPU
		{AC228786-D0D6-41CC-9BCF-BFB135964D3D}.Debug|Any CPU.Build.0 = Debug|Any CPU
		{AC228786-D0D6-41CC-9BCF-BFB135964D3D}.Release|Any CPU.ActiveCfg = Release|Any CPU
		{AC228786-D0D6-41CC-9BCF-BFB135964D3D}.Release|Any CPU.Build.0 = Release|Any CPU
	EndGlobalSection
	GlobalSection(SolutionProperties) = preSolution
		HideSolutionNode = FALSE
	EndGlobalSection
	GlobalSection(ExtensibilityGlobals) = postSolution
		SolutionGuid = {3E493847-664A-4501-AE7A-6B69C5045968}
	EndGlobalSection
EndGlobal
